
Microsoft Visual Studio Solution File, Format Version 12.00
# Visual Studio Version 17
VisualStudioVersion = 17.4.33205.214
MinimumVisualStudioVersion = 10.0.40219.1
Project("{FAE04EC0-301F-11D3-BF4B-00C04F79EFBC}") = "SimilarityMatrix", "SimilarityMatrix\SimilarityMatrix.csproj", "{9EB2FA8B-49DF-4F44-80EF-988140C8811A}"
EndProject
Global
	GlobalSection(SolutionConfigurationPlatforms) = preSolution
		Debug|Any CPU = Debug|Any CPU
		Release|Any CPU = Release|Any CPU
	EndGlobalSection
	GlobalSection(ProjectConfigurationPlatforms) = postSolution
		{9EB2FA8B-49DF-4F44-80EF-988140C8811A}.Debug|Any CPU.ActiveCfg = Debug|Any CPU
		{9EB2FA8B-49DF-4F44-80EF-988140C8811A}.Debug|Any CPU.Build.0 = Debug|Any CPU
		{9EB2FA8B-49DF-4F44-80EF-988140C8811A}.Release|Any CPU.ActiveCfg = Release|Any CPU
		{9EB2FA8B-49DF-4F44-80EF-988140C8811A}.Release|Any CPU.Build.0 = Release|Any CPU
	EndGlobalSection
	GlobalSection(SolutionProperties) = preSolution
		HideSolutionNode = FALSE
	EndGlobalSection
	GlobalSection(ExtensibilityGlobals) = postSolution
		SolutionGuid = {E106CF1C-CB84-44B2-83F3-2FCF3C71B014}
	EndGlobalSection
EndGlobal
