
Microsoft Visual Studio Solution File, Format Version 12.00
# Visual Studio Version 17
VisualStudioVersion = 17.4.33205.214
MinimumVisualStudioVersion = 10.0.40219.1
Project("{FAE04EC0-301F-11D3-BF4B-00C04F79EFBC}") = "MovieApp", "MovieApp\MovieApp.csproj", "{FFF87739-906B-41A5-9029-C9CCEBB38BC9}"
EndProject
Global
	GlobalSection(SolutionConfigurationPlatforms) = preSolution
		Debug|Any CPU = Debug|Any CPU
		Release|Any CPU = Release|Any CPU
	EndGlobalSection
	GlobalSection(ProjectConfigurationPlatforms) = postSolution
		{FFF87739-906B-41A5-9029-C9CCEBB38BC9}.Debug|Any CPU.ActiveCfg = Debug|Any CPU
		{FFF87739-906B-41A5-9029-C9CCEBB38BC9}.Debug|Any CPU.Build.0 = Debug|Any CPU
		{FFF87739-906B-41A5-9029-C9CCEBB38BC9}.Release|Any CPU.ActiveCfg = Release|Any CPU
		{FFF87739-906B-41A5-9029-C9CCEBB38BC9}.Release|Any CPU.Build.0 = Release|Any CPU
	EndGlobalSection
	GlobalSection(SolutionProperties) = preSolution
		HideSolutionNode = FALSE
	EndGlobalSection
	GlobalSection(ExtensibilityGlobals) = postSolution
		SolutionGuid = {C3F1418E-DED2-46F5-8B85-A4AFA1E055D9}
	EndGlobalSection
EndGlobal
