
Microsoft Visual Studio Solution File, Format Version 12.00
# Visual Studio Version 17
VisualStudioVersion = 17.4.33205.214
MinimumVisualStudioVersion = 10.0.40219.1
Project("{FAE04EC0-301F-11D3-BF4B-00C04F79EFBC}") = "PearsonCorrelationCoefficient", "PearsonCorrelationCoefficient\PearsonCorrelationCoefficient.csproj", "{4C929E3C-C728-4C14-9A99-41F62C86AAE5}"
EndProject
Global
	GlobalSection(SolutionConfigurationPlatforms) = preSolution
		Debug|Any CPU = Debug|Any CPU
		Release|Any CPU = Release|Any CPU
	EndGlobalSection
	GlobalSection(ProjectConfigurationPlatforms) = postSolution
		{4C929E3C-C728-4C14-9A99-41F62C86AAE5}.Debug|Any CPU.ActiveCfg = Debug|Any CPU
		{4C929E3C-C728-4C14-9A99-41F62C86AAE5}.Debug|Any CPU.Build.0 = Debug|Any CPU
		{4C929E3C-C728-4C14-9A99-41F62C86AAE5}.Release|Any CPU.ActiveCfg = Release|Any CPU
		{4C929E3C-C728-4C14-9A99-41F62C86AAE5}.Release|Any CPU.Build.0 = Release|Any CPU
	EndGlobalSection
	GlobalSection(SolutionProperties) = preSolution
		HideSolutionNode = FALSE
	EndGlobalSection
	GlobalSection(ExtensibilityGlobals) = postSolution
		SolutionGuid = {99CFF093-92CF-4AC2-9AD6-2BD9FF5C1AD2}
	EndGlobalSection
EndGlobal
